// !$*UTF8*$!
{
	archiveVersion = 1;
	classes = {
	};
	objectVersion = 50;
	objects = {

/* Begin PBXBuildFile section */
		F1CCFA5722E48C31000EC503 /* AppDelegate.swift in Sources */ = {isa = PBXBuildFile; fileRef = F1CCFA5622E48C31000EC503 /* AppDelegate.swift */; };
		F1CCFA5C22E48C31000EC503 /* Main.storyboard in Resources */ = {isa = PBXBuildFile; fileRef = F1CCFA5A22E48C31000EC503 /* Main.storyboard */; };
		F1CCFA5E22E48C33000EC503 /* Assets.xcassets in Resources */ = {isa = PBXBuildFile; fileRef = F1CCFA5D22E48C33000EC503 /* Assets.xcassets */; };
		F1CCFA6122E48C33000EC503 /* LaunchScreen.storyboard in Resources */ = {isa = PBXBuildFile; fileRef = F1CCFA5F22E48C33000EC503 /* LaunchScreen.storyboard */; };
		F1CCFA6C22E48C33000EC503 /* MovieTests.swift in Sources */ = {isa = PBXBuildFile; fileRef = F1CCFA6B22E48C33000EC503 /* MovieTests.swift */; };
		F1CCFA8822E48D52000EC503 /* ParameterEncoding.swift in Sources */ = {isa = PBXBuildFile; fileRef = F1CCFA7822E48D52000EC503 /* ParameterEncoding.swift */; };
		F1CCFA8922E48D52000EC503 /* URLParameterEncoder.swift in Sources */ = {isa = PBXBuildFile; fileRef = F1CCFA7922E48D52000EC503 /* URLParameterEncoder.swift */; };
		F1CCFA8A22E48D52000EC503 /* JSONParameterEncoder.swift in Sources */ = {isa = PBXBuildFile; fileRef = F1CCFA7A22E48D52000EC503 /* JSONParameterEncoder.swift */; };
		F1CCFA8B22E48D52000EC503 /* NetworkEnvironment.swift in Sources */ = {isa = PBXBuildFile; fileRef = F1CCFA7C22E48D52000EC503 /* NetworkEnvironment.swift */; };
		F1CCFA8C22E48D52000EC503 /* NetworkManager.swift in Sources */ = {isa = PBXBuildFile; fileRef = F1CCFA7D22E48D52000EC503 /* NetworkManager.swift */; };
		F1CCFA8D22E48D52000EC503 /* HTTPMethod.swift in Sources */ = {isa = PBXBuildFile; fileRef = F1CCFA7F22E48D52000EC503 /* HTTPMethod.swift */; };
		F1CCFA8E22E48D52000EC503 /* EndpointType.swift in Sources */ = {isa = PBXBuildFile; fileRef = F1CCFA8022E48D52000EC503 /* EndpointType.swift */; };
		F1CCFA8F22E48D52000EC503 /* HTTPTask.swift in Sources */ = {isa = PBXBuildFile; fileRef = F1CCFA8222E48D52000EC503 /* HTTPTask.swift */; };
		F1CCFA9022E48D52000EC503 /* Router.swift in Sources */ = {isa = PBXBuildFile; fileRef = F1CCFA8322E48D52000EC503 /* Router.swift */; };
		F1CCFA9122E48D52000EC503 /* HandleResponse.swift in Sources */ = {isa = PBXBuildFile; fileRef = F1CCFA8522E48D52000EC503 /* HandleResponse.swift */; };
		F1CCFA9222E48D52000EC503 /* TechnicianErrors.swift in Sources */ = {isa = PBXBuildFile; fileRef = F1CCFA8722E48D52000EC503 /* TechnicianErrors.swift */; };
		F1CCFA9522E4A35E000EC503 /* BackendError.swift in Sources */ = {isa = PBXBuildFile; fileRef = F1CCFA9422E4A35E000EC503 /* BackendError.swift */; };
		F1CCFA9822E4A65B000EC503 /* MovieKey.swift in Sources */ = {isa = PBXBuildFile; fileRef = F1CCFA9722E4A65B000EC503 /* MovieKey.swift */; };
		F1CCFA9B22E4A78C000EC503 /* HomeViewController.swift in Sources */ = {isa = PBXBuildFile; fileRef = F1CCFA9A22E4A78C000EC503 /* HomeViewController.swift */; };
		F1CCFA9E22E4A875000EC503 /* MovieEndPoint.swift in Sources */ = {isa = PBXBuildFile; fileRef = F1CCFA9D22E4A875000EC503 /* MovieEndPoint.swift */; };
/* End PBXBuildFile section */

/* Begin PBXContainerItemProxy section */
		F1CCFA6822E48C33000EC503 /* PBXContainerItemProxy */ = {
			isa = PBXContainerItemProxy;
			containerPortal = F1CCFA4B22E48C31000EC503 /* Project object */;
			proxyType = 1;
			remoteGlobalIDString = F1CCFA5222E48C31000EC503;
			remoteInfo = Movie;
		};
/* End PBXContainerItemProxy section */

/* Begin PBXFileReference section */
		F1CCFA5322E48C31000EC503 /* Movie.app */ = {isa = PBXFileReference; explicitFileType = wrapper.application; includeInIndex = 0; path = Movie.app; sourceTree = BUILT_PRODUCTS_DIR; };
		F1CCFA5622E48C31000EC503 /* AppDelegate.swift */ = {isa = PBXFileReference; lastKnownFileType = sourcecode.swift; path = AppDelegate.swift; sourceTree = "<group>"; };
		F1CCFA5B22E48C31000EC503 /* Base */ = {isa = PBXFileReference; lastKnownFileType = file.storyboard; name = Base; path = Base.lproj/Main.storyboard; sourceTree = "<group>"; };
		F1CCFA5D22E48C33000EC503 /* Assets.xcassets */ = {isa = PBXFileReference; lastKnownFileType = folder.assetcatalog; path = Assets.xcassets; sourceTree = "<group>"; };
		F1CCFA6022E48C33000EC503 /* Base */ = {isa = PBXFileReference; lastKnownFileType = file.storyboard; name = Base; path = Base.lproj/LaunchScreen.storyboard; sourceTree = "<group>"; };
		F1CCFA6222E48C33000EC503 /* Info.plist */ = {isa = PBXFileReference; lastKnownFileType = text.plist.xml; path = Info.plist; sourceTree = "<group>"; };
		F1CCFA6722E48C33000EC503 /* MovieTests.xctest */ = {isa = PBXFileReference; explicitFileType = wrapper.cfbundle; includeInIndex = 0; path = MovieTests.xctest; sourceTree = BUILT_PRODUCTS_DIR; };
		F1CCFA6B22E48C33000EC503 /* MovieTests.swift */ = {isa = PBXFileReference; lastKnownFileType = sourcecode.swift; path = MovieTests.swift; sourceTree = "<group>"; };
		F1CCFA6D22E48C33000EC503 /* Info.plist */ = {isa = PBXFileReference; lastKnownFileType = text.plist.xml; path = Info.plist; sourceTree = "<group>"; };
		F1CCFA7822E48D52000EC503 /* ParameterEncoding.swift */ = {isa = PBXFileReference; fileEncoding = 4; lastKnownFileType = sourcecode.swift; path = ParameterEncoding.swift; sourceTree = "<group>"; };
		F1CCFA7922E48D52000EC503 /* URLParameterEncoder.swift */ = {isa = PBXFileReference; fileEncoding = 4; lastKnownFileType = sourcecode.swift; path = URLParameterEncoder.swift; sourceTree = "<group>"; };
		F1CCFA7A22E48D52000EC503 /* JSONParameterEncoder.swift */ = {isa = PBXFileReference; fileEncoding = 4; lastKnownFileType = sourcecode.swift; path = JSONParameterEncoder.swift; sourceTree = "<group>"; };
		F1CCFA7C22E48D52000EC503 /* NetworkEnvironment.swift */ = {isa = PBXFileReference; fileEncoding = 4; lastKnownFileType = sourcecode.swift; path = NetworkEnvironment.swift; sourceTree = "<group>"; };
		F1CCFA7D22E48D52000EC503 /* NetworkManager.swift */ = {isa = PBXFileReference; fileEncoding = 4; lastKnownFileType = sourcecode.swift; path = NetworkManager.swift; sourceTree = "<group>"; };
		F1CCFA7F22E48D52000EC503 /* HTTPMethod.swift */ = {isa = PBXFileReference; fileEncoding = 4; lastKnownFileType = sourcecode.swift; path = HTTPMethod.swift; sourceTree = "<group>"; };
		F1CCFA8022E48D52000EC503 /* EndpointType.swift */ = {isa = PBXFileReference; fileEncoding = 4; lastKnownFileType = sourcecode.swift; path = EndpointType.swift; sourceTree = "<group>"; };
		F1CCFA8222E48D52000EC503 /* HTTPTask.swift */ = {isa = PBXFileReference; fileEncoding = 4; lastKnownFileType = sourcecode.swift; path = HTTPTask.swift; sourceTree = "<group>"; };
		F1CCFA8322E48D52000EC503 /* Router.swift */ = {isa = PBXFileReference; fileEncoding = 4; lastKnownFileType = sourcecode.swift; path = Router.swift; sourceTree = "<group>"; };
		F1CCFA8522E48D52000EC503 /* HandleResponse.swift */ = {isa = PBXFileReference; fileEncoding = 4; lastKnownFileType = sourcecode.swift; path = HandleResponse.swift; sourceTree = "<group>"; };
		F1CCFA8722E48D52000EC503 /* TechnicianErrors.swift */ = {isa = PBXFileReference; fileEncoding = 4; lastKnownFileType = sourcecode.swift; path = TechnicianErrors.swift; sourceTree = "<group>"; };
		F1CCFA9422E4A35E000EC503 /* BackendError.swift */ = {isa = PBXFileReference; lastKnownFileType = sourcecode.swift; path = BackendError.swift; sourceTree = "<group>"; };
		F1CCFA9722E4A65B000EC503 /* MovieKey.swift */ = {isa = PBXFileReference; lastKnownFileType = sourcecode.swift; path = MovieKey.swift; sourceTree = "<group>"; };
		F1CCFA9A22E4A78C000EC503 /* HomeViewController.swift */ = {isa = PBXFileReference; lastKnownFileType = sourcecode.swift; path = HomeViewController.swift; sourceTree = "<group>"; };
		F1CCFA9D22E4A875000EC503 /* MovieEndPoint.swift */ = {isa = PBXFileReference; lastKnownFileType = sourcecode.swift; path = MovieEndPoint.swift; sourceTree = "<group>"; };
/* End PBXFileReference section */

/* Begin PBXFrameworksBuildPhase section */
		F1CCFA5022E48C31000EC503 /* Frameworks */ = {
			isa = PBXFrameworksBuildPhase;
			buildActionMask = 2147483647;
			files = (
			);
			runOnlyForDeploymentPostprocessing = 0;
		};
		F1CCFA6422E48C33000EC503 /* Frameworks */ = {
			isa = PBXFrameworksBuildPhase;
			buildActionMask = 2147483647;
			files = (
			);
			runOnlyForDeploymentPostprocessing = 0;
		};
/* End PBXFrameworksBuildPhase section */

/* Begin PBXGroup section */
		F1CCFA4A22E48C31000EC503 = {
			isa = PBXGroup;
			children = (
				F1CCFA5522E48C31000EC503 /* Movie */,
				F1CCFA6A22E48C33000EC503 /* MovieTests */,
				F1CCFA5422E48C31000EC503 /* Products */,
			);
			sourceTree = "<group>";
		};
		F1CCFA5422E48C31000EC503 /* Products */ = {
			isa = PBXGroup;
			children = (
				F1CCFA5322E48C31000EC503 /* Movie.app */,
				F1CCFA6722E48C33000EC503 /* MovieTests.xctest */,
			);
			name = Products;
			sourceTree = "<group>";
		};
		F1CCFA5522E48C31000EC503 /* Movie */ = {
			isa = PBXGroup;
			children = (
				F1CCFA9C22E4A84A000EC503 /* EndPoint */,
				F1CCFA9922E4A765000EC503 /* Controller */,
				F1CCFA9622E4A5E6000EC503 /* Network Layer */,
				F1CCFA9322E4A344000EC503 /* Model */,
				F1CCFA5622E48C31000EC503 /* AppDelegate.swift */,
				F1CCFA5A22E48C31000EC503 /* Main.storyboard */,
				F1CCFA5D22E48C33000EC503 /* Assets.xcassets */,
				F1CCFA5F22E48C33000EC503 /* LaunchScreen.storyboard */,
				F1CCFA6222E48C33000EC503 /* Info.plist */,
			);
			path = Movie;
			sourceTree = "<group>";
		};
		F1CCFA6A22E48C33000EC503 /* MovieTests */ = {
			isa = PBXGroup;
			children = (
				F1CCFA6B22E48C33000EC503 /* MovieTests.swift */,
				F1CCFA6D22E48C33000EC503 /* Info.plist */,
			);
			path = MovieTests;
			sourceTree = "<group>";
		};
		F1CCFA7622E48D52000EC503 /* Network */ = {
			isa = PBXGroup;
			children = (
				F1CCFA7722E48D52000EC503 /* Encoding */,
				F1CCFA7E22E48D52000EC503 /* Endpoint */,
				F1CCFA8122E48D52000EC503 /* Service */,
				F1CCFA8422E48D52000EC503 /* HandleResponse */,
			);
			path = Network;
			sourceTree = "<group>";
		};
		F1CCFA7722E48D52000EC503 /* Encoding */ = {
			isa = PBXGroup;
			children = (
				F1CCFA7822E48D52000EC503 /* ParameterEncoding.swift */,
				F1CCFA7922E48D52000EC503 /* URLParameterEncoder.swift */,
				F1CCFA7A22E48D52000EC503 /* JSONParameterEncoder.swift */,
			);
			path = Encoding;
			sourceTree = "<group>";
		};
		F1CCFA7B22E48D52000EC503 /* Network Manager */ = {
			isa = PBXGroup;
			children = (
				F1CCFA7C22E48D52000EC503 /* NetworkEnvironment.swift */,
				F1CCFA7D22E48D52000EC503 /* NetworkManager.swift */,
				F1CCFA9722E4A65B000EC503 /* MovieKey.swift */,
			);
			path = "Network Manager";
			sourceTree = "<group>";
		};
		F1CCFA7E22E48D52000EC503 /* Endpoint */ = {
			isa = PBXGroup;
			children = (
				F1CCFA7F22E48D52000EC503 /* HTTPMethod.swift */,
				F1CCFA8022E48D52000EC503 /* EndpointType.swift */,
			);
			path = Endpoint;
			sourceTree = "<group>";
		};
		F1CCFA8122E48D52000EC503 /* Service */ = {
			isa = PBXGroup;
			children = (
				F1CCFA8222E48D52000EC503 /* HTTPTask.swift */,
				F1CCFA8322E48D52000EC503 /* Router.swift */,
			);
			path = Service;
			sourceTree = "<group>";
		};
		F1CCFA8422E48D52000EC503 /* HandleResponse */ = {
			isa = PBXGroup;
			children = (
				F1CCFA8522E48D52000EC503 /* HandleResponse.swift */,
				F1CCFA8622E48D52000EC503 /* Error */,
			);
			path = HandleResponse;
			sourceTree = "<group>";
		};
		F1CCFA8622E48D52000EC503 /* Error */ = {
			isa = PBXGroup;
			children = (
				F1CCFA8722E48D52000EC503 /* TechnicianErrors.swift */,
			);
			path = Error;
			sourceTree = "<group>";
		};
		F1CCFA9322E4A344000EC503 /* Model */ = {
			isa = PBXGroup;
			children = (
				F1CCFA9422E4A35E000EC503 /* BackendError.swift */,
			);
			path = Model;
			sourceTree = "<group>";
		};
		F1CCFA9622E4A5E6000EC503 /* Network Layer */ = {
			isa = PBXGroup;
			children = (
				F1CCFA7622E48D52000EC503 /* Network */,
				F1CCFA7B22E48D52000EC503 /* Network Manager */,
			);
			path = "Network Layer";
			sourceTree = "<group>";
		};
		F1CCFA9922E4A765000EC503 /* Controller */ = {
			isa = PBXGroup;
			children = (
				F1CCFA9A22E4A78C000EC503 /* HomeViewController.swift */,
			);
			path = Controller;
			sourceTree = "<group>";
		};
		F1CCFA9C22E4A84A000EC503 /* EndPoint */ = {
			isa = PBXGroup;
			children = (
				F1CCFA9D22E4A875000EC503 /* MovieEndPoint.swift */,
			);
			path = EndPoint;
			sourceTree = "<group>";
		};
/* End PBXGroup section */

/* Begin PBXNativeTarget section */
		F1CCFA5222E48C31000EC503 /* Movie */ = {
			isa = PBXNativeTarget;
			buildConfigurationList = F1CCFA7022E48C33000EC503 /* Build configuration list for PBXNativeTarget "Movie" */;
			buildPhases = (
				F1CCFA4F22E48C31000EC503 /* Sources */,
				F1CCFA5022E48C31000EC503 /* Frameworks */,
				F1CCFA5122E48C31000EC503 /* Resources */,
			);
			buildRules = (
			);
			dependencies = (
			);
			name = Movie;
			productName = Movie;
			productReference = F1CCFA5322E48C31000EC503 /* Movie.app */;
			productType = "com.apple.product-type.application";
		};
		F1CCFA6622E48C33000EC503 /* MovieTests */ = {
			isa = PBXNativeTarget;
			buildConfigurationList = F1CCFA7322E48C33000EC503 /* Build configuration list for PBXNativeTarget "MovieTests" */;
			buildPhases = (
				F1CCFA6322E48C33000EC503 /* Sources */,
				F1CCFA6422E48C33000EC503 /* Frameworks */,
				F1CCFA6522E48C33000EC503 /* Resources */,
			);
			buildRules = (
			);
			dependencies = (
				F1CCFA6922E48C33000EC503 /* PBXTargetDependency */,
			);
			name = MovieTests;
			productName = MovieTests;
			productReference = F1CCFA6722E48C33000EC503 /* MovieTests.xctest */;
			productType = "com.apple.product-type.bundle.unit-test";
		};
/* End PBXNativeTarget section */

/* Begin PBXProject section */
		F1CCFA4B22E48C31000EC503 /* Project object */ = {
			isa = PBXProject;
			attributes = {
				LastSwiftUpdateCheck = 1020;
				LastUpgradeCheck = 1020;
				ORGANIZATIONNAME = "Yashar Azabdaftari";
				TargetAttributes = {
					F1CCFA5222E48C31000EC503 = {
						CreatedOnToolsVersion = 10.2;
					};
					F1CCFA6622E48C33000EC503 = {
						CreatedOnToolsVersion = 10.2;
						TestTargetID = F1CCFA5222E48C31000EC503;
					};
				};
			};
			buildConfigurationList = F1CCFA4E22E48C31000EC503 /* Build configuration list for PBXProject "Movie" */;
			compatibilityVersion = "Xcode 9.3";
			developmentRegion = en;
			hasScannedForEncodings = 0;
			knownRegions = (
				en,
				Base,
			);
			mainGroup = F1CCFA4A22E48C31000EC503;
			productRefGroup = F1CCFA5422E48C31000EC503 /* Products */;
			projectDirPath = "";
			projectRoot = "";
			targets = (
				F1CCFA5222E48C31000EC503 /* Movie */,
				F1CCFA6622E48C33000EC503 /* MovieTests */,
			);
		};
/* End PBXProject section */

/* Begin PBXResourcesBuildPhase section */
		F1CCFA5122E48C31000EC503 /* Resources */ = {
			isa = PBXResourcesBuildPhase;
			buildActionMask = 2147483647;
			files = (
				F1CCFA6122E48C33000EC503 /* LaunchScreen.storyboard in Resources */,
				F1CCFA5E22E48C33000EC503 /* Assets.xcassets in Resources */,
				F1CCFA5C22E48C31000EC503 /* Main.storyboard in Resources */,
			);
			runOnlyForDeploymentPostprocessing = 0;
		};
		F1CCFA6522E48C33000EC503 /* Resources */ = {
			isa = PBXResourcesBuildPhase;
			buildActionMask = 2147483647;
			files = (
			);
			runOnlyForDeploymentPostprocessing = 0;
		};
/* End PBXResourcesBuildPhase section */

/* Begin PBXSourcesBuildPhase section */
		F1CCFA4F22E48C31000EC503 /* Sources */ = {
			isa = PBXSourcesBuildPhase;
			buildActionMask = 2147483647;
			files = (
				F1CCFA9222E48D52000EC503 /* TechnicianErrors.swift in Sources */,
				F1CCFA9022E48D52000EC503 /* Router.swift in Sources */,
				F1CCFA8A22E48D52000EC503 /* JSONParameterEncoder.swift in Sources */,
				F1CCFA9522E4A35E000EC503 /* BackendError.swift in Sources */,
				F1CCFA8922E48D52000EC503 /* URLParameterEncoder.swift in Sources */,
				F1CCFA9B22E4A78C000EC503 /* HomeViewController.swift in Sources */,
				F1CCFA8E22E48D52000EC503 /* EndpointType.swift in Sources */,
				F1CCFA8822E48D52000EC503 /* ParameterEncoding.swift in Sources */,
				F1CCFA8C22E48D52000EC503 /* NetworkManager.swift in Sources */,
				F1CCFA9122E48D52000EC503 /* HandleResponse.swift in Sources */,
				F1CCFA8D22E48D52000EC503 /* HTTPMethod.swift in Sources */,
				F1CCFA8F22E48D52000EC503 /* HTTPTask.swift in Sources */,
				F1CCFA9822E4A65B000EC503 /* MovieKey.swift in Sources */,
				F1CCFA8B22E48D52000EC503 /* NetworkEnvironment.swift in Sources */,
				F1CCFA5722E48C31000EC503 /* AppDelegate.swift in Sources */,
				F1CCFA9E22E4A875000EC503 /* MovieEndPoint.swift in Sources */,
			);
			runOnlyForDeploymentPostprocessing = 0;
		};
		F1CCFA6322E48C33000EC503 /* Sources */ = {
			isa = PBXSourcesBuildPhase;
			buildActionMask = 2147483647;
			files = (
				F1CCFA6C22E48C33000EC503 /* MovieTests.swift in Sources */,
			);
			runOnlyForDeploymentPostprocessing = 0;
		};
/* End PBXSourcesBuildPhase section */

/* Begin PBXTargetDependency section */
		F1CCFA6922E48C33000EC503 /* PBXTargetDependency */ = {
			isa = PBXTargetDependency;
			target = F1CCFA5222E48C31000EC503 /* Movie */;
			targetProxy = F1CCFA6822E48C33000EC503 /* PBXContainerItemProxy */;
		};
/* End PBXTargetDependency section */

/* Begin PBXVariantGroup section */
		F1CCFA5A22E48C31000EC503 /* Main.storyboard */ = {
			isa = PBXVariantGroup;
			children = (
				F1CCFA5B22E48C31000EC503 /* Base */,
			);
			name = Main.storyboard;
			sourceTree = "<group>";
		};
		F1CCFA5F22E48C33000EC503 /* LaunchScreen.storyboard */ = {
			isa = PBXVariantGroup;
			children = (
				F1CCFA6022E48C33000EC503 /* Base */,
			);
			name = LaunchScreen.storyboard;
			sourceTree = "<group>";
		};
/* End PBXVariantGroup section */

/* Begin XCBuildConfiguration section */
		F1CCFA6E22E48C33000EC503 /* Debug */ = {
			isa = XCBuildConfiguration;
			buildSettings = {
				ALWAYS_SEARCH_USER_PATHS = NO;
				CLANG_ANALYZER_NONNULL = YES;
				CLANG_ANALYZER_NUMBER_OBJECT_CONVERSION = YES_AGGRESSIVE;
				CLANG_CXX_LANGUAGE_STANDARD = "gnu++14";
				CLANG_CXX_LIBRARY = "libc++";
				CLANG_ENABLE_MODULES = YES;
				CLANG_ENABLE_OBJC_ARC = YES;
				CLANG_ENABLE_OBJC_WEAK = YES;
				CLANG_WARN_BLOCK_CAPTURE_AUTORELEASING = YES;
				CLANG_WARN_BOOL_CONVERSION = YES;
				CLANG_WARN_COMMA = YES;
				CLANG_WARN_CONSTANT_CONVERSION = YES;
				CLANG_WARN_DEPRECATED_OBJC_IMPLEMENTATIONS = YES;
				CLANG_WARN_DIRECT_OBJC_ISA_USAGE = YES_ERROR;
				CLANG_WARN_DOCUMENTATION_COMMENTS = YES;
				CLANG_WARN_EMPTY_BODY = YES;
				CLANG_WARN_ENUM_CONVERSION = YES;
				CLANG_WARN_INFINITE_RECURSION = YES;
				CLANG_WARN_INT_CONVERSION = YES;
				CLANG_WARN_NON_LITERAL_NULL_CONVERSION = YES;
				CLANG_WARN_OBJC_IMPLICIT_RETAIN_SELF = YES;
				CLANG_WARN_OBJC_LITERAL_CONVERSION = YES;
				CLANG_WARN_OBJC_ROOT_CLASS = YES_ERROR;
				CLANG_WARN_RANGE_LOOP_ANALYSIS = YES;
				CLANG_WARN_STRICT_PROTOTYPES = YES;
				CLANG_WARN_SUSPICIOUS_MOVE = YES;
				CLANG_WARN_UNGUARDED_AVAILABILITY = YES_AGGRESSIVE;
				CLANG_WARN_UNREACHABLE_CODE = YES;
				CLANG_WARN__DUPLICATE_METHOD_MATCH = YES;
				CODE_SIGN_IDENTITY = "iPhone Developer";
				COPY_PHASE_STRIP = NO;
				DEBUG_INFORMATION_FORMAT = dwarf;
				ENABLE_STRICT_OBJC_MSGSEND = YES;
				ENABLE_TESTABILITY = YES;
				GCC_C_LANGUAGE_STANDARD = gnu11;
				GCC_DYNAMIC_NO_PIC = NO;
				GCC_NO_COMMON_BLOCKS = YES;
				GCC_OPTIMIZATION_LEVEL = 0;
				GCC_PREPROCESSOR_DEFINITIONS = (
					"DEBUG=1",
					"$(inherited)",
				);
				GCC_WARN_64_TO_32_BIT_CONVERSION = YES;
				GCC_WARN_ABOUT_RETURN_TYPE = YES_ERROR;
				GCC_WARN_UNDECLARED_SELECTOR = YES;
				GCC_WARN_UNINITIALIZED_AUTOS = YES_AGGRESSIVE;
				GCC_WARN_UNUSED_FUNCTION = YES;
				GCC_WARN_UNUSED_VARIABLE = YES;
				IPHONEOS_DEPLOYMENT_TARGET = 9.0;
				MTL_ENABLE_DEBUG_INFO = INCLUDE_SOURCE;
				MTL_FAST_MATH = YES;
				ONLY_ACTIVE_ARCH = YES;
				SDKROOT = iphoneos;
				SWIFT_ACTIVE_COMPILATION_CONDITIONS = DEBUG;
				SWIFT_OPTIMIZATION_LEVEL = "-Onone";
			};
			name = Debug;
		};
		F1CCFA6F22E48C33000EC503 /* Release */ = {
			isa = XCBuildConfiguration;
			buildSettings = {
				ALWAYS_SEARCH_USER_PATHS = NO;
				CLANG_ANALYZER_NONNULL = YES;
				CLANG_ANALYZER_NUMBER_OBJECT_CONVERSION = YES_AGGRESSIVE;
				CLANG_CXX_LANGUAGE_STANDARD = "gnu++14";
				CLANG_CXX_LIBRARY = "libc++";
				CLANG_ENABLE_MODULES = YES;
				CLANG_ENABLE_OBJC_ARC = YES;
				CLANG_ENABLE_OBJC_WEAK = YES;
				CLANG_WARN_BLOCK_CAPTURE_AUTORELEASING = YES;
				CLANG_WARN_BOOL_CONVERSION = YES;
				CLANG_WARN_COMMA = YES;
				CLANG_WARN_CONSTANT_CONVERSION = YES;
				CLANG_WARN_DEPRECATED_OBJC_IMPLEMENTATIONS = YES;
				CLANG_WARN_DIRECT_OBJC_ISA_USAGE = YES_ERROR;
				CLANG_WARN_DOCUMENTATION_COMMENTS = YES;
				CLANG_WARN_EMPTY_BODY = YES;
				CLANG_WARN_ENUM_CONVERSION = YES;
				CLANG_WARN_INFINITE_RECURSION = YES;
				CLANG_WARN_INT_CONVERSION = YES;
				CLANG_WARN_NON_LITERAL_NULL_CONVERSION = YES;
				CLANG_WARN_OBJC_IMPLICIT_RETAIN_SELF = YES;
				CLANG_WARN_OBJC_LITERAL_CONVERSION = YES;
				CLANG_WARN_OBJC_ROOT_CLASS = YES_ERROR;
				CLANG_WARN_RANGE_LOOP_ANALYSIS = YES;
				CLANG_WARN_STRICT_PROTOTYPES = YES;
				CLANG_WARN_SUSPICIOUS_MOVE = YES;
				CLANG_WARN_UNGUARDED_AVAILABILITY = YES_AGGRESSIVE;
				CLANG_WARN_UNREACHABLE_CODE = YES;
				CLANG_WARN__DUPLICATE_METHOD_MATCH = YES;
				CODE_SIGN_IDENTITY = "iPhone Developer";
				COPY_PHASE_STRIP = NO;
				DEBUG_INFORMATION_FORMAT = "dwarf-with-dsym";
				ENABLE_NS_ASSERTIONS = NO;
				ENABLE_STRICT_OBJC_MSGSEND = YES;
				GCC_C_LANGUAGE_STANDARD = gnu11;
				GCC_NO_COMMON_BLOCKS = YES;
				GCC_WARN_64_TO_32_BIT_CONVERSION = YES;
				GCC_WARN_ABOUT_RETURN_TYPE = YES_ERROR;
				GCC_WARN_UNDECLARED_SELECTOR = YES;
				GCC_WARN_UNINITIALIZED_AUTOS = YES_AGGRESSIVE;
				GCC_WARN_UNUSED_FUNCTION = YES;
				GCC_WARN_UNUSED_VARIABLE = YES;
				IPHONEOS_DEPLOYMENT_TARGET = 9.0;
				MTL_ENABLE_DEBUG_INFO = NO;
				MTL_FAST_MATH = YES;
				SDKROOT = iphoneos;
				SWIFT_COMPILATION_MODE = wholemodule;
				SWIFT_OPTIMIZATION_LEVEL = "-O";
				VALIDATE_PRODUCT = YES;
			};
			name = Release;
		};
		F1CCFA7122E48C33000EC503 /* Debug */ = {
			isa = XCBuildConfiguration;
			buildSettings = {
				ASSETCATALOG_COMPILER_APPICON_NAME = AppIcon;
				CODE_SIGN_STYLE = Automatic;
				DEVELOPMENT_TEAM = K5G33GTM2L;
				INFOPLIST_FILE = Movie/Info.plist;
				IPHONEOS_DEPLOYMENT_TARGET = 9.0;
				LD_RUNPATH_SEARCH_PATHS = (
					"$(inherited)",
					"@executable_path/Frameworks",
				);
				PRODUCT_BUNDLE_IDENTIFIER = com.Yashar.Movie;
				PRODUCT_NAME = "$(TARGET_NAME)";
				SWIFT_VERSION = 5.0;
				TARGETED_DEVICE_FAMILY = "1,2";
			};
			name = Debug;
		};
		F1CCFA7222E48C33000EC503 /* Release */ = {
			isa = XCBuildConfiguration;
			buildSettings = {
				ASSETCATALOG_COMPILER_APPICON_NAME = AppIcon;
				CODE_SIGN_STYLE = Automatic;
				DEVELOPMENT_TEAM = K5G33GTM2L;
				INFOPLIST_FILE = Movie/Info.plist;
				IPHONEOS_DEPLOYMENT_TARGET = 9.0;
				LD_RUNPATH_SEARCH_PATHS = (
					"$(inherited)",
					"@executable_path/Frameworks",
				);
				PRODUCT_BUNDLE_IDENTIFIER = com.Yashar.Movie;
				PRODUCT_NAME = "$(TARGET_NAME)";
				SWIFT_VERSION = 5.0;
				TARGETED_DEVICE_FAMILY = "1,2";
			};
			name = Release;
		};
		F1CCFA7422E48C33000EC503 /* Debug */ = {
			isa = XCBuildConfiguration;
			buildSettings = {
				ALWAYS_EMBED_SWIFT_STANDARD_LIBRARIES = YES;
				BUNDLE_LOADER = "$(TEST_HOST)";
				CODE_SIGN_STYLE = Automatic;
				DEVELOPMENT_TEAM = K5G33GTM2L;
				INFOPLIST_FILE = MovieTests/Info.plist;
				LD_RUNPATH_SEARCH_PATHS = (
					"$(inherited)",
					"@executable_path/Frameworks",
					"@loader_path/Frameworks",
				);
				PRODUCT_BUNDLE_IDENTIFIER = com.Yashar.MovieTests;
				PRODUCT_NAME = "$(TARGET_NAME)";
				SWIFT_VERSION = 5.0;
				TARGETED_DEVICE_FAMILY = "1,2";
				TEST_HOST = "$(BUILT_PRODUCTS_DIR)/Movie.app/Movie";
			};
			name = Debug;
		};
		F1CCFA7522E48C33000EC503 /* Release */ = {
			isa = XCBuildConfiguration;
			buildSettings = {
				ALWAYS_EMBED_SWIFT_STANDARD_LIBRARIES = YES;
				BUNDLE_LOADER = "$(TEST_HOST)";
				CODE_SIGN_STYLE = Automatic;
				DEVELOPMENT_TEAM = K5G33GTM2L;
				INFOPLIST_FILE = MovieTests/Info.plist;
				LD_RUNPATH_SEARCH_PATHS = (
					"$(inherited)",
					"@executable_path/Frameworks",
					"@loader_path/Frameworks",
				);
				PRODUCT_BUNDLE_IDENTIFIER = com.Yashar.MovieTests;
				PRODUCT_NAME = "$(TARGET_NAME)";
				SWIFT_VERSION = 5.0;
				TARGETED_DEVICE_FAMILY = "1,2";
				TEST_HOST = "$(BUILT_PRODUCTS_DIR)/Movie.app/Movie";
			};
			name = Release;
		};
/* End XCBuildConfiguration section */

/* Begin XCConfigurationList section */
		F1CCFA4E22E48C31000EC503 /* Build configuration list for PBXProject "Movie" */ = {
			isa = XCConfigurationList;
			buildConfigurations = (
				F1CCFA6E22E48C33000EC503 /* Debug */,
				F1CCFA6F22E48C33000EC503 /* Release */,
			);
			defaultConfigurationIsVisible = 0;
			defaultConfigurationName = Release;
		};
		F1CCFA7022E48C33000EC503 /* Build configuration list for PBXNativeTarget "Movie" */ = {
			isa = XCConfigurationList;
			buildConfigurations = (
				F1CCFA7122E48C33000EC503 /* Debug */,
				F1CCFA7222E48C33000EC503 /* Release */,
			);
			defaultConfigurationIsVisible = 0;
			defaultConfigurationName = Release;
		};
		F1CCFA7322E48C33000EC503 /* Build configuration list for PBXNativeTarget "MovieTests" */ = {
			isa = XCConfigurationList;
			buildConfigurations = (
				F1CCFA7422E48C33000EC503 /* Debug */,
				F1CCFA7522E48C33000EC503 /* Release */,
			);
			defaultConfigurationIsVisible = 0;
			defaultConfigurationName = Release;
		};
/* End XCConfigurationList section */
	};
	rootObject = F1CCFA4B22E48C31000EC503 /* Project object */;
}
